
Microsoft Visual Studio Solution File, Format Version 12.00
# Visual Studio Version 17
VisualStudioVersion = 17.2.32519.379
MinimumVisualStudioVersion = 10.0.40219.1
Project("{FAE04EC0-301F-11D3-BF4B-00C04F79EFBC}") = "BEE 1021", "beecrowd lista 2\BEE 1021.csproj", "{3B65EF2E-02F3-45B4-A32B-D70FE77D5C19}"
EndProject
Project("{FAE04EC0-301F-11D3-BF4B-00C04F79EFBC}") = "BEE 1035", "BEE 1035\BEE 1035.csproj", "{696A875A-B162-4534-8650-33DACDB11F73}"
EndProject
Project("{FAE04EC0-301F-11D3-BF4B-00C04F79EFBC}") = "BEE 1036", "BEE 1036\BEE 1036.csproj", "{3AE45117-D7C4-4245-9971-DD6FD9EFE675}"
EndProject
Project("{FAE04EC0-301F-11D3-BF4B-00C04F79EFBC}") = "BEE 1037", "BEE 1037\BEE 1037.csproj", "{58B7AD0D-E2D2-4E8D-AF96-8FD9ADE92C2F}"
EndProject
Project("{FAE04EC0-301F-11D3-BF4B-00C04F79EFBC}") = "BEE 1038", "BEE 1038\BEE 1038.csproj", "{0EC42514-6C9C-40A2-94D2-5A880FA961BC}"
EndProject
Project("{FAE04EC0-301F-11D3-BF4B-00C04F79EFBC}") = "BEE 1040", "BEE 1040\BEE 1040.csproj", "{0C74DB1B-D46E-43DA-B7B6-F887A1F13CB1}"
EndProject
Project("{FAE04EC0-301F-11D3-BF4B-00C04F79EFBC}") = "BEE 1041", "BEE 1041\BEE 1041.csproj", "{2FCA58BB-D09C-4E44-961C-82911A045645}"
EndProject
Project("{FAE04EC0-301F-11D3-BF4B-00C04F79EFBC}") = "BEE 1042", "BEE 1042\BEE 1042.csproj", "{4EB01073-B922-4CEE-A70D-63FDAFCE3363}"
EndProject
Project("{FAE04EC0-301F-11D3-BF4B-00C04F79EFBC}") = "BEE 1043", "BEE 1043\BEE 1043.csproj", "{C6BCC24D-0EA5-4472-B6D2-ABA880C77697}"
EndProject
Project("{FAE04EC0-301F-11D3-BF4B-00C04F79EFBC}") = "BEE 1044", "BEE 1044\BEE 1044.csproj", "{2E4BA2D5-3866-4A08-91A2-183F7CC6B35B}"
EndProject
Project("{FAE04EC0-301F-11D3-BF4B-00C04F79EFBC}") = "BEE 1045", "BEE 1045\BEE 1045.csproj", "{D4970CC7-2261-4E9F-8B5B-9F53D9A66C54}"
EndProject
Project("{FAE04EC0-301F-11D3-BF4B-00C04F79EFBC}") = "BEE 1046", "BEE 1046\BEE 1046.csproj", "{BB6351FD-0853-4AAF-AEC7-AB38B7F1970D}"
EndProject
Project("{FAE04EC0-301F-11D3-BF4B-00C04F79EFBC}") = "BEE 1047", "BEE 1047\BEE 1047.csproj", "{7DE7BB42-CB11-4570-800E-AF0E6980338B}"
EndProject
Project("{FAE04EC0-301F-11D3-BF4B-00C04F79EFBC}") = "BEE 1048", "BEE 1048\BEE 1048.csproj", "{99952CD4-8E1C-4A09-93DC-97E93C04766F}"
EndProject
Project("{FAE04EC0-301F-11D3-BF4B-00C04F79EFBC}") = "BEE 1049", "BEE 1049\BEE 1049.csproj", "{4003D2EA-0839-416B-A69E-594AB034FDE9}"
EndProject
Project("{FAE04EC0-301F-11D3-BF4B-00C04F79EFBC}") = "BEE 1050", "BEE 1050\BEE 1050.csproj", "{0E1FEE92-6FC2-4329-8ED4-8A4A420C77E9}"
EndProject
Project("{FAE04EC0-301F-11D3-BF4B-00C04F79EFBC}") = "BEE 1051", "BEE 1051\BEE 1051.csproj", "{E3AEE324-D4B5-4B0F-A647-79881827A9BD}"
EndProject
Project("{FAE04EC0-301F-11D3-BF4B-00C04F79EFBC}") = "BEE 1052", "BEE 1052\BEE 1052.csproj", "{3395717E-7C32-4513-B7A7-9AB33B13D8BA}"
EndProject
Project("{FAE04EC0-301F-11D3-BF4B-00C04F79EFBC}") = "BEE 1059", "BEE 1059\BEE 1059.csproj", "{8300EF1C-EDA8-400A-8DB6-823ECCF0627C}"
EndProject
Project("{FAE04EC0-301F-11D3-BF4B-00C04F79EFBC}") = "BEE 1060", "BEE 1060\BEE 1060.csproj", "{3274B5F5-C323-4B00-8465-63E14E22760F}"
EndProject
Project("{FAE04EC0-301F-11D3-BF4B-00C04F79EFBC}") = "BEE 1061", "BEE 1061\BEE 1061.csproj", "{61AF3AA7-59FB-457D-A2F3-B8C9A3FBD3CF}"
EndProject
Project("{FAE04EC0-301F-11D3-BF4B-00C04F79EFBC}") = "BEE 1064", "BEE 1064\BEE 1064.csproj", "{390697BE-5EB1-42C4-BBE2-6EC2DF2AD7FD}"
EndProject
Project("{FAE04EC0-301F-11D3-BF4B-00C04F79EFBC}") = "BEE 1065", "BEE 1065\BEE 1065.csproj", "{219C31D6-DAC8-48B3-AD8A-A32E48A69884}"
EndProject
Project("{FAE04EC0-301F-11D3-BF4B-00C04F79EFBC}") = "BEE 1066", "BEE 1066\BEE 1066.csproj", "{0F70C76F-3051-41AD-9E97-4C3F9195833D}"
EndProject
Project("{FAE04EC0-301F-11D3-BF4B-00C04F79EFBC}") = "BEE 1067", "BEE 1067\BEE 1067.csproj", "{6AA5AC7D-C87E-417B-AEA7-E807E1FEC8A4}"
EndProject
Project("{FAE04EC0-301F-11D3-BF4B-00C04F79EFBC}") = "BEE 1070", "BEE 1070\BEE 1070.csproj", "{3C7EAA97-A5D3-43D7-9849-74389B8FF3AE}"
EndProject
Project("{FAE04EC0-301F-11D3-BF4B-00C04F79EFBC}") = "BEE 1071", "BEE 1071\BEE 1071.csproj", "{2B85825B-D16C-4F50-9F3D-46E24C7B6043}"
EndProject
Project("{FAE04EC0-301F-11D3-BF4B-00C04F79EFBC}") = "BEE 1072", "BEE 1072\BEE 1072.csproj", "{621300AB-E8CD-4520-94A8-2BEEC85E8970}"
EndProject
Project("{FAE04EC0-301F-11D3-BF4B-00C04F79EFBC}") = "BEE 1073", "BEE 1073\BEE 1073.csproj", "{CD1C85CF-5FE5-4EC3-830E-7CDD13EFC7E7}"
EndProject
Project("{FAE04EC0-301F-11D3-BF4B-00C04F79EFBC}") = "BEE 1074", "BEE 1074\BEE 1074.csproj", "{C65FE678-342E-4E28-9D9B-F64214431516}"
EndProject
Global
	GlobalSection(SolutionConfigurationPlatforms) = preSolution
		Debug|Any CPU = Debug|Any CPU
		Release|Any CPU = Release|Any CPU
	EndGlobalSection
	GlobalSection(ProjectConfigurationPlatforms) = postSolution
		{3B65EF2E-02F3-45B4-A32B-D70FE77D5C19}.Debug|Any CPU.ActiveCfg = Debug|Any CPU
		{3B65EF2E-02F3-45B4-A32B-D70FE77D5C19}.Debug|Any CPU.Build.0 = Debug|Any CPU
		{3B65EF2E-02F3-45B4-A32B-D70FE77D5C19}.Release|Any CPU.ActiveCfg = Release|Any CPU
		{3B65EF2E-02F3-45B4-A32B-D70FE77D5C19}.Release|Any CPU.Build.0 = Release|Any CPU
		{696A875A-B162-4534-8650-33DACDB11F73}.Debug|Any CPU.ActiveCfg = Debug|Any CPU
		{696A875A-B162-4534-8650-33DACDB11F73}.Debug|Any CPU.Build.0 = Debug|Any CPU
		{696A875A-B162-4534-8650-33DACDB11F73}.Release|Any CPU.ActiveCfg = Release|Any CPU
		{696A875A-B162-4534-8650-33DACDB11F73}.Release|Any CPU.Build.0 = Release|Any CPU
		{3AE45117-D7C4-4245-9971-DD6FD9EFE675}.Debug|Any CPU.ActiveCfg = Debug|Any CPU
		{3AE45117-D7C4-4245-9971-DD6FD9EFE675}.Debug|Any CPU.Build.0 = Debug|Any CPU
		{3AE45117-D7C4-4245-9971-DD6FD9EFE675}.Release|Any CPU.ActiveCfg = Release|Any CPU
		{3AE45117-D7C4-4245-9971-DD6FD9EFE675}.Release|Any CPU.Build.0 = Release|Any CPU
		{58B7AD0D-E2D2-4E8D-AF96-8FD9ADE92C2F}.Debug|Any CPU.ActiveCfg = Debug|Any CPU
		{58B7AD0D-E2D2-4E8D-AF96-8FD9ADE92C2F}.Debug|Any CPU.Build.0 = Debug|Any CPU
		{58B7AD0D-E2D2-4E8D-AF96-8FD9ADE92C2F}.Release|Any CPU.ActiveCfg = Release|Any CPU
		{58B7AD0D-E2D2-4E8D-AF96-8FD9ADE92C2F}.Release|Any CPU.Build.0 = Release|Any CPU
		{0EC42514-6C9C-40A2-94D2-5A880FA961BC}.Debug|Any CPU.ActiveCfg = Debug|Any CPU
		{0EC42514-6C9C-40A2-94D2-5A880FA961BC}.Debug|Any CPU.Build.0 = Debug|Any CPU
		{0EC42514-6C9C-40A2-94D2-5A880FA961BC}.Release|Any CPU.ActiveCfg = Release|Any CPU
		{0EC42514-6C9C-40A2-94D2-5A880FA961BC}.Release|Any CPU.Build.0 = Release|Any CPU
		{0C74DB1B-D46E-43DA-B7B6-F887A1F13CB1}.Debug|Any CPU.ActiveCfg = Debug|Any CPU
		{0C74DB1B-D46E-43DA-B7B6-F887A1F13CB1}.Debug|Any CPU.Build.0 = Debug|Any CPU
		{0C74DB1B-D46E-43DA-B7B6-F887A1F13CB1}.Release|Any CPU.ActiveCfg = Release|Any CPU
		{0C74DB1B-D46E-43DA-B7B6-F887A1F13CB1}.Release|Any CPU.Build.0 = Release|Any CPU
		{2FCA58BB-D09C-4E44-961C-82911A045645}.Debug|Any CPU.ActiveCfg = Debug|Any CPU
		{2FCA58BB-D09C-4E44-961C-82911A045645}.Debug|Any CPU.Build.0 = Debug|Any CPU
		{2FCA58BB-D09C-4E44-961C-82911A045645}.Release|Any CPU.ActiveCfg = Release|Any CPU
		{2FCA58BB-D09C-4E44-961C-82911A045645}.Release|Any CPU.Build.0 = Release|Any CPU
		{4EB01073-B922-4CEE-A70D-63FDAFCE3363}.Debug|Any CPU.ActiveCfg = Debug|Any CPU
		{4EB01073-B922-4CEE-A70D-63FDAFCE3363}.Debug|Any CPU.Build.0 = Debug|Any CPU
		{4EB01073-B922-4CEE-A70D-63FDAFCE3363}.Release|Any CPU.ActiveCfg = Release|Any CPU
		{4EB01073-B922-4CEE-A70D-63FDAFCE3363}.Release|Any CPU.Build.0 = Release|Any CPU
		{C6BCC24D-0EA5-4472-B6D2-ABA880C77697}.Debug|Any CPU.ActiveCfg = Debug|Any CPU
		{C6BCC24D-0EA5-4472-B6D2-ABA880C77697}.Debug|Any CPU.Build.0 = Debug|Any CPU
		{C6BCC24D-0EA5-4472-B6D2-ABA880C77697}.Release|Any CPU.ActiveCfg = Release|Any CPU
		{C6BCC24D-0EA5-4472-B6D2-ABA880C77697}.Release|Any CPU.Build.0 = Release|Any CPU
		{2E4BA2D5-3866-4A08-91A2-183F7CC6B35B}.Debug|Any CPU.ActiveCfg = Debug|Any CPU
		{2E4BA2D5-3866-4A08-91A2-183F7CC6B35B}.Debug|Any CPU.Build.0 = Debug|Any CPU
		{2E4BA2D5-3866-4A08-91A2-183F7CC6B35B}.Release|Any CPU.ActiveCfg = Release|Any CPU
		{2E4BA2D5-3866-4A08-91A2-183F7CC6B35B}.Release|Any CPU.Build.0 = Release|Any CPU
		{D4970CC7-2261-4E9F-8B5B-9F53D9A66C54}.Debug|Any CPU.ActiveCfg = Debug|Any CPU
		{D4970CC7-2261-4E9F-8B5B-9F53D9A66C54}.Debug|Any CPU.Build.0 = Debug|Any CPU
		{D4970CC7-2261-4E9F-8B5B-9F53D9A66C54}.Release|Any CPU.ActiveCfg = Release|Any CPU
		{D4970CC7-2261-4E9F-8B5B-9F53D9A66C54}.Release|Any CPU.Build.0 = Release|Any CPU
		{BB6351FD-0853-4AAF-AEC7-AB38B7F1970D}.Debug|Any CPU.ActiveCfg = Debug|Any CPU
		{BB6351FD-0853-4AAF-AEC7-AB38B7F1970D}.Debug|Any CPU.Build.0 = Debug|Any CPU
		{BB6351FD-0853-4AAF-AEC7-AB38B7F1970D}.Release|Any CPU.ActiveCfg = Release|Any CPU
		{BB6351FD-0853-4AAF-AEC7-AB38B7F1970D}.Release|Any CPU.Build.0 = Release|Any CPU
		{7DE7BB42-CB11-4570-800E-AF0E6980338B}.Debug|Any CPU.ActiveCfg = Debug|Any CPU
		{7DE7BB42-CB11-4570-800E-AF0E6980338B}.Debug|Any CPU.Build.0 = Debug|Any CPU
		{7DE7BB42-CB11-4570-800E-AF0E6980338B}.Release|Any CPU.ActiveCfg = Release|Any CPU
		{7DE7BB42-CB11-4570-800E-AF0E6980338B}.Release|Any CPU.Build.0 = Release|Any CPU
		{99952CD4-8E1C-4A09-93DC-97E93C04766F}.Debug|Any CPU.ActiveCfg = Debug|Any CPU
		{99952CD4-8E1C-4A09-93DC-97E93C04766F}.Debug|Any CPU.Build.0 = Debug|Any CPU
		{99952CD4-8E1C-4A09-93DC-97E93C04766F}.Release|Any CPU.ActiveCfg = Release|Any CPU
		{99952CD4-8E1C-4A09-93DC-97E93C04766F}.Release|Any CPU.Build.0 = Release|Any CPU
		{4003D2EA-0839-416B-A69E-594AB034FDE9}.Debug|Any CPU.ActiveCfg = Debug|Any CPU
		{4003D2EA-0839-416B-A69E-594AB034FDE9}.Debug|Any CPU.Build.0 = Debug|Any CPU
		{4003D2EA-0839-416B-A69E-594AB034FDE9}.Release|Any CPU.ActiveCfg = Release|Any CPU
		{4003D2EA-0839-416B-A69E-594AB034FDE9}.Release|Any CPU.Build.0 = Release|Any CPU
		{0E1FEE92-6FC2-4329-8ED4-8A4A420C77E9}.Debug|Any CPU.ActiveCfg = Debug|Any CPU
		{0E1FEE92-6FC2-4329-8ED4-8A4A420C77E9}.Debug|Any CPU.Build.0 = Debug|Any CPU
		{0E1FEE92-6FC2-4329-8ED4-8A4A420C77E9}.Release|Any CPU.ActiveCfg = Release|Any CPU
		{0E1FEE92-6FC2-4329-8ED4-8A4A420C77E9}.Release|Any CPU.Build.0 = Release|Any CPU
		{E3AEE324-D4B5-4B0F-A647-79881827A9BD}.Debug|Any CPU.ActiveCfg = Debug|Any CPU
		{E3AEE324-D4B5-4B0F-A647-79881827A9BD}.Debug|Any CPU.Build.0 = Debug|Any CPU
		{E3AEE324-D4B5-4B0F-A647-79881827A9BD}.Release|Any CPU.ActiveCfg = Release|Any CPU
		{E3AEE324-D4B5-4B0F-A647-79881827A9BD}.Release|Any CPU.Build.0 = Release|Any CPU
		{3395717E-7C32-4513-B7A7-9AB33B13D8BA}.Debug|Any CPU.ActiveCfg = Debug|Any CPU
		{3395717E-7C32-4513-B7A7-9AB33B13D8BA}.Debug|Any CPU.Build.0 = Debug|Any CPU
		{3395717E-7C32-4513-B7A7-9AB33B13D8BA}.Release|Any CPU.ActiveCfg = Release|Any CPU
		{3395717E-7C32-4513-B7A7-9AB33B13D8BA}.Release|Any CPU.Build.0 = Release|Any CPU
		{8300EF1C-EDA8-400A-8DB6-823ECCF0627C}.Debug|Any CPU.ActiveCfg = Debug|Any CPU
		{8300EF1C-EDA8-400A-8DB6-823ECCF0627C}.Debug|Any CPU.Build.0 = Debug|Any CPU
		{8300EF1C-EDA8-400A-8DB6-823ECCF0627C}.Release|Any CPU.ActiveCfg = Release|Any CPU
		{8300EF1C-EDA8-400A-8DB6-823ECCF0627C}.Release|Any CPU.Build.0 = Release|Any CPU
		{3274B5F5-C323-4B00-8465-63E14E22760F}.Debug|Any CPU.ActiveCfg = Debug|Any CPU
		{3274B5F5-C323-4B00-8465-63E14E22760F}.Debug|Any CPU.Build.0 = Debug|Any CPU
		{3274B5F5-C323-4B00-8465-63E14E22760F}.Release|Any CPU.ActiveCfg = Release|Any CPU
		{3274B5F5-C323-4B00-8465-63E14E22760F}.Release|Any CPU.Build.0 = Release|Any CPU
		{61AF3AA7-59FB-457D-A2F3-B8C9A3FBD3CF}.Debug|Any CPU.ActiveCfg = Debug|Any CPU
		{61AF3AA7-59FB-457D-A2F3-B8C9A3FBD3CF}.Debug|Any CPU.Build.0 = Debug|Any CPU
		{61AF3AA7-59FB-457D-A2F3-B8C9A3FBD3CF}.Release|Any CPU.ActiveCfg = Release|Any CPU
		{61AF3AA7-59FB-457D-A2F3-B8C9A3FBD3CF}.Release|Any CPU.Build.0 = Release|Any CPU
		{390697BE-5EB1-42C4-BBE2-6EC2DF2AD7FD}.Debug|Any CPU.ActiveCfg = Debug|Any CPU
		{390697BE-5EB1-42C4-BBE2-6EC2DF2AD7FD}.Debug|Any CPU.Build.0 = Debug|Any CPU
		{390697BE-5EB1-42C4-BBE2-6EC2DF2AD7FD}.Release|Any CPU.ActiveCfg = Release|Any CPU
		{390697BE-5EB1-42C4-BBE2-6EC2DF2AD7FD}.Release|Any CPU.Build.0 = Release|Any CPU
		{219C31D6-DAC8-48B3-AD8A-A32E48A69884}.Debug|Any CPU.ActiveCfg = Debug|Any CPU
		{219C31D6-DAC8-48B3-AD8A-A32E48A69884}.Debug|Any CPU.Build.0 = Debug|Any CPU
		{219C31D6-DAC8-48B3-AD8A-A32E48A69884}.Release|Any CPU.ActiveCfg = Release|Any CPU
		{219C31D6-DAC8-48B3-AD8A-A32E48A69884}.Release|Any CPU.Build.0 = Release|Any CPU
		{0F70C76F-3051-41AD-9E97-4C3F9195833D}.Debug|Any CPU.ActiveCfg = Debug|Any CPU
		{0F70C76F-3051-41AD-9E97-4C3F9195833D}.Debug|Any CPU.Build.0 = Debug|Any CPU
		{0F70C76F-3051-41AD-9E97-4C3F9195833D}.Release|Any CPU.ActiveCfg = Release|Any CPU
		{0F70C76F-3051-41AD-9E97-4C3F9195833D}.Release|Any CPU.Build.0 = Release|Any CPU
		{6AA5AC7D-C87E-417B-AEA7-E807E1FEC8A4}.Debug|Any CPU.ActiveCfg = Debug|Any CPU
		{6AA5AC7D-C87E-417B-AEA7-E807E1FEC8A4}.Debug|Any CPU.Build.0 = Debug|Any CPU
		{6AA5AC7D-C87E-417B-AEA7-E807E1FEC8A4}.Release|Any CPU.ActiveCfg = Release|Any CPU
		{6AA5AC7D-C87E-417B-AEA7-E807E1FEC8A4}.Release|Any CPU.Build.0 = Release|Any CPU
		{3C7EAA97-A5D3-43D7-9849-74389B8FF3AE}.Debug|Any CPU.ActiveCfg = Debug|Any CPU
		{3C7EAA97-A5D3-43D7-9849-74389B8FF3AE}.Debug|Any CPU.Build.0 = Debug|Any CPU
		{3C7EAA97-A5D3-43D7-9849-74389B8FF3AE}.Release|Any CPU.ActiveCfg = Release|Any CPU
		{3C7EAA97-A5D3-43D7-9849-74389B8FF3AE}.Release|Any CPU.Build.0 = Release|Any CPU
		{2B85825B-D16C-4F50-9F3D-46E24C7B6043}.Debug|Any CPU.ActiveCfg = Debug|Any CPU
		{2B85825B-D16C-4F50-9F3D-46E24C7B6043}.Debug|Any CPU.Build.0 = Debug|Any CPU
		{2B85825B-D16C-4F50-9F3D-46E24C7B6043}.Release|Any CPU.ActiveCfg = Release|Any CPU
		{2B85825B-D16C-4F50-9F3D-46E24C7B6043}.Release|Any CPU.Build.0 = Release|Any CPU
		{621300AB-E8CD-4520-94A8-2BEEC85E8970}.Debug|Any CPU.ActiveCfg = Debug|Any CPU
		{621300AB-E8CD-4520-94A8-2BEEC85E8970}.Debug|Any CPU.Build.0 = Debug|Any CPU
		{621300AB-E8CD-4520-94A8-2BEEC85E8970}.Release|Any CPU.ActiveCfg = Release|Any CPU
		{621300AB-E8CD-4520-94A8-2BEEC85E8970}.Release|Any CPU.Build.0 = Release|Any CPU
		{CD1C85CF-5FE5-4EC3-830E-7CDD13EFC7E7}.Debug|Any CPU.ActiveCfg = Debug|Any CPU
		{CD1C85CF-5FE5-4EC3-830E-7CDD13EFC7E7}.Debug|Any CPU.Build.0 = Debug|Any CPU
		{CD1C85CF-5FE5-4EC3-830E-7CDD13EFC7E7}.Release|Any CPU.ActiveCfg = Release|Any CPU
		{CD1C85CF-5FE5-4EC3-830E-7CDD13EFC7E7}.Release|Any CPU.Build.0 = Release|Any CPU
		{C65FE678-342E-4E28-9D9B-F64214431516}.Debug|Any CPU.ActiveCfg = Debug|Any CPU
		{C65FE678-342E-4E28-9D9B-F64214431516}.Debug|Any CPU.Build.0 = Debug|Any CPU
		{C65FE678-342E-4E28-9D9B-F64214431516}.Release|Any CPU.ActiveCfg = Release|Any CPU
		{C65FE678-342E-4E28-9D9B-F64214431516}.Release|Any CPU.Build.0 = Release|Any CPU
	EndGlobalSection
	GlobalSection(SolutionProperties) = preSolution
		HideSolutionNode = FALSE
	EndGlobalSection
	GlobalSection(ExtensibilityGlobals) = postSolution
		SolutionGuid = {3FA1E0FF-37AA-403F-82A0-F269D095246B}
	EndGlobalSection
EndGlobal
